
Microsoft Visual Studio Solution File, Format Version 12.00
# Visual Studio Version 17
VisualStudioVersion = 17.10.35013.160
MinimumVisualStudioVersion = 10.0.40219.1
Project("{FAE04EC0-301F-11D3-BF4B-00C04F79EFBC}") = "4M02mob1", "4M02mob1\4M02mob1.csproj", "{BB868326-3D70-427F-BB66-5C5F723610DB}"
EndProject
Global
	GlobalSection(SolutionConfigurationPlatforms) = preSolution
		Debug|Any CPU = Debug|Any CPU
		Release|Any CPU = Release|Any CPU
	EndGlobalSection
	GlobalSection(ProjectConfigurationPlatforms) = postSolution
		{BB868326-3D70-427F-BB66-5C5F723610DB}.Debug|Any CPU.ActiveCfg = Debug|Any CPU
		{BB868326-3D70-427F-BB66-5C5F723610DB}.Debug|Any CPU.Build.0 = Debug|Any CPU
		{BB868326-3D70-427F-BB66-5C5F723610DB}.Debug|Any CPU.Deploy.0 = Debug|Any CPU
		{BB868326-3D70-427F-BB66-5C5F723610DB}.Release|Any CPU.ActiveCfg = Release|Any CPU
		{BB868326-3D70-427F-BB66-5C5F723610DB}.Release|Any CPU.Build.0 = Release|Any CPU
		{BB868326-3D70-427F-BB66-5C5F723610DB}.Release|Any CPU.Deploy.0 = Release|Any CPU
	EndGlobalSection
	GlobalSection(SolutionProperties) = preSolution
		HideSolutionNode = FALSE
	EndGlobalSection
	GlobalSection(ExtensibilityGlobals) = postSolution
		SolutionGuid = {83461F8E-EB23-4444-B27C-92A9A96CB5C9}
	EndGlobalSection
EndGlobal
